
Microsoft Visual Studio Solution File, Format Version 12.00
# Visual Studio 15
VisualStudioVersion = 15.0.28010.2036
MinimumVisualStudioVersion = 10.0.40219.1
Project("{FAE04EC0-301F-11D3-BF4B-00C04F79EFBC}") = "MiLuzSRL", "MiLuzSRL\MiLuzSRL.csproj", "{D5F0B101-D474-4F6E-93F7-F6A89295D821}"
EndProject
Project("{FAE04EC0-301F-11D3-BF4B-00C04F79EFBC}") = "MiLuzSRL.Tests", "MiLuzSRL.Tests\MiLuzSRL.Tests.csproj", "{6BF6F97B-8523-4749-9B5C-48A466BEFC3A}"
EndProject
Global
	GlobalSection(SolutionConfigurationPlatforms) = preSolution
		Debug|Any CPU = Debug|Any CPU
		Release|Any CPU = Release|Any CPU
	EndGlobalSection
	GlobalSection(ProjectConfigurationPlatforms) = postSolution
		{D5F0B101-D474-4F6E-93F7-F6A89295D821}.Debug|Any CPU.ActiveCfg = Debug|Any CPU
		{D5F0B101-D474-4F6E-93F7-F6A89295D821}.Debug|Any CPU.Build.0 = Debug|Any CPU
		{D5F0B101-D474-4F6E-93F7-F6A89295D821}.Release|Any CPU.ActiveCfg = Release|Any CPU
		{D5F0B101-D474-4F6E-93F7-F6A89295D821}.Release|Any CPU.Build.0 = Release|Any CPU
		{6BF6F97B-8523-4749-9B5C-48A466BEFC3A}.Debug|Any CPU.ActiveCfg = Debug|Any CPU
		{6BF6F97B-8523-4749-9B5C-48A466BEFC3A}.Debug|Any CPU.Build.0 = Debug|Any CPU
		{6BF6F97B-8523-4749-9B5C-48A466BEFC3A}.Release|Any CPU.ActiveCfg = Release|Any CPU
		{6BF6F97B-8523-4749-9B5C-48A466BEFC3A}.Release|Any CPU.Build.0 = Release|Any CPU
	EndGlobalSection
	GlobalSection(SolutionProperties) = preSolution
		HideSolutionNode = FALSE
	EndGlobalSection
	GlobalSection(ExtensibilityGlobals) = postSolution
		SolutionGuid = {1BDA7E0E-B1B7-4679-950C-63A1E1D71C58}
	EndGlobalSection
EndGlobal
